
Microsoft Visual Studio Solution File, Format Version 12.00
# Visual Studio Version 17
VisualStudioVersion = 17.7.34003.232
MinimumVisualStudioVersion = 10.0.40219.1
Project("{FAE04EC0-301F-11D3-BF4B-00C04F79EFBC}") = "Lab3", "Lab3\Lab3.csproj", "{D110EF4E-6570-436B-8166-24909F398403}"
EndProject
Project("{FAE04EC0-301F-11D3-BF4B-00C04F79EFBC}") = "Lab3.Domain", "Lab3.Domain\Lab3.Domain.csproj", "{4BD1CD16-AEC6-4E76-AF72-656329037324}"
EndProject
Global
	GlobalSection(SolutionConfigurationPlatforms) = preSolution
		Debug|Any CPU = Debug|Any CPU
		Release|Any CPU = Release|Any CPU
	EndGlobalSection
	GlobalSection(ProjectConfigurationPlatforms) = postSolution
		{D110EF4E-6570-436B-8166-24909F398403}.Debug|Any CPU.ActiveCfg = Debug|Any CPU
		{D110EF4E-6570-436B-8166-24909F398403}.Debug|Any CPU.Build.0 = Debug|Any CPU
		{D110EF4E-6570-436B-8166-24909F398403}.Release|Any CPU.ActiveCfg = Release|Any CPU
		{D110EF4E-6570-436B-8166-24909F398403}.Release|Any CPU.Build.0 = Release|Any CPU
		{4BD1CD16-AEC6-4E76-AF72-656329037324}.Debug|Any CPU.ActiveCfg = Debug|Any CPU
		{4BD1CD16-AEC6-4E76-AF72-656329037324}.Debug|Any CPU.Build.0 = Debug|Any CPU
		{4BD1CD16-AEC6-4E76-AF72-656329037324}.Release|Any CPU.ActiveCfg = Release|Any CPU
		{4BD1CD16-AEC6-4E76-AF72-656329037324}.Release|Any CPU.Build.0 = Release|Any CPU
	EndGlobalSection
	GlobalSection(SolutionProperties) = preSolution
		HideSolutionNode = FALSE
	EndGlobalSection
	GlobalSection(ExtensibilityGlobals) = postSolution
		SolutionGuid = {FAF314F9-8B30-431C-99C4-A8CD6CF1DD60}
	EndGlobalSection
EndGlobal
